
Microsoft Visual Studio Solution File, Format Version 12.00
# Visual Studio Version 16
VisualStudioVersion = 16.0.29123.88
MinimumVisualStudioVersion = 10.0.40219.1
Project("{FAE04EC0-301F-11D3-BF4B-00C04F79EFBC}") = "ReflectionOnBaseClass", "ReflectionOnBaseClass\ReflectionOnBaseClass.csproj", "{AAE49ED3-2B83-49AE-91BB-23FDDECFCB63}"
EndProject
Global
	GlobalSection(SolutionConfigurationPlatforms) = preSolution
		Debug|Any CPU = Debug|Any CPU
		Release|Any CPU = Release|Any CPU
	EndGlobalSection
	GlobalSection(ProjectConfigurationPlatforms) = postSolution
		{AAE49ED3-2B83-49AE-91BB-23FDDECFCB63}.Debug|Any CPU.ActiveCfg = Debug|Any CPU
		{AAE49ED3-2B83-49AE-91BB-23FDDECFCB63}.Debug|Any CPU.Build.0 = Debug|Any CPU
		{AAE49ED3-2B83-49AE-91BB-23FDDECFCB63}.Release|Any CPU.ActiveCfg = Release|Any CPU
		{AAE49ED3-2B83-49AE-91BB-23FDDECFCB63}.Release|Any CPU.Build.0 = Release|Any CPU
	EndGlobalSection
	GlobalSection(SolutionProperties) = preSolution
		HideSolutionNode = FALSE
	EndGlobalSection
	GlobalSection(ExtensibilityGlobals) = postSolution
		SolutionGuid = {D6EC7498-2E52-4647-88AD-F8EA2B908005}
	EndGlobalSection
EndGlobal
